// !$*UTF8*$!
{
	archiveVersion = 1;
	classes = {
	};
	objectVersion = 51;
	objects = {

/* Begin PBXBuildFile section */
		091FB4F126A2967600AD4812 /* MainTabBarItem.swift in Sources */ = {isa = PBXBuildFile; fileRef = 091FB4F026A2967600AD4812 /* MainTabBarItem.swift */; };
		091FB50F26A3214A00AD4812 /* HistoryViewController.swift in Sources */ = {isa = PBXBuildFile; fileRef = 091FB50E26A3214A00AD4812 /* HistoryViewController.swift */; };
		091FB51126A3218700AD4812 /* HistoryPresenter.swift in Sources */ = {isa = PBXBuildFile; fileRef = 091FB51026A3218700AD4812 /* HistoryPresenter.swift */; };
		091FB51426A321F800AD4812 /* History.storyboard in Resources */ = {isa = PBXBuildFile; fileRef = 091FB51326A321F800AD4812 /* History.storyboard */; };
		091FB51726A3274600AD4812 /* Account.storyboard in Resources */ = {isa = PBXBuildFile; fileRef = 091FB51626A3274600AD4812 /* Account.storyboard */; };
		091FB51926A3275600AD4812 /* AccountViewController.swift in Sources */ = {isa = PBXBuildFile; fileRef = 091FB51826A3275600AD4812 /* AccountViewController.swift */; };
		091FB51B26A3276600AD4812 /* AccountPresenter.swift in Sources */ = {isa = PBXBuildFile; fileRef = 091FB51A26A3276600AD4812 /* AccountPresenter.swift */; };
		091FB51F26A328F100AD4812 /* SettingViewController.swift in Sources */ = {isa = PBXBuildFile; fileRef = 091FB51E26A328F100AD4812 /* SettingViewController.swift */; };
		091FB52126A328FF00AD4812 /* SettingPresenter.swift in Sources */ = {isa = PBXBuildFile; fileRef = 091FB52026A328FF00AD4812 /* SettingPresenter.swift */; };
		091FB52326A3297900AD4812 /* Setting.storyboard in Resources */ = {isa = PBXBuildFile; fileRef = 091FB52226A3297900AD4812 /* Setting.storyboard */; };
		091FB52826A3EA2E00AD4812 /* AddNewCashTransaction.storyboard in Resources */ = {isa = PBXBuildFile; fileRef = 091FB52726A3EA2E00AD4812 /* AddNewCashTransaction.storyboard */; };
		091FB52A26A3EA4100AD4812 /* AddNewCashTransactionViewController.swift in Sources */ = {isa = PBXBuildFile; fileRef = 091FB52926A3EA4100AD4812 /* AddNewCashTransactionViewController.swift */; };
		091FB52C26A3EA5B00AD4812 /* AddNewCashTransactionPresenter.swift in Sources */ = {isa = PBXBuildFile; fileRef = 091FB52B26A3EA5B00AD4812 /* AddNewCashTransactionPresenter.swift */; };
		091FB53126B44B8400AD4812 /* CashTransactionEntity.swift in Sources */ = {isa = PBXBuildFile; fileRef = 091FB53026B44B8400AD4812 /* CashTransactionEntity.swift */; };
		091FB53326B454A800AD4812 /* SubCategoryEntity.swift in Sources */ = {isa = PBXBuildFile; fileRef = 091FB53226B454A800AD4812 /* SubCategoryEntity.swift */; };
		091FB53526B4560A00AD4812 /* InOut.swift in Sources */ = {isa = PBXBuildFile; fileRef = 091FB53426B4560A00AD4812 /* InOut.swift */; };
		091FB53726B4584F00AD4812 /* MainCategoryEntity.swift in Sources */ = {isa = PBXBuildFile; fileRef = 091FB53626B4584F00AD4812 /* MainCategoryEntity.swift */; };
		0939C766271F082600F5BE36 /* MonthlyNote.swift in Sources */ = {isa = PBXBuildFile; fileRef = 0939C765271F082600F5BE36 /* MonthlyNote.swift */; };
		0939C768271F088F00F5BE36 /* YearMonth.swift in Sources */ = {isa = PBXBuildFile; fileRef = 0939C767271F088F00F5BE36 /* YearMonth.swift */; };
		0939C76A271F090400F5BE36 /* MainNote.swift in Sources */ = {isa = PBXBuildFile; fileRef = 0939C769271F090400F5BE36 /* MainNote.swift */; };
		0939C76C271F0B8400F5BE36 /* SubNote.swift in Sources */ = {isa = PBXBuildFile; fileRef = 0939C76B271F0B8400F5BE36 /* SubNote.swift */; };
		0939C770271F183100F5BE36 /* Date+Calendar.swift in Sources */ = {isa = PBXBuildFile; fileRef = 0939C76F271F183100F5BE36 /* Date+Calendar.swift */; };
		093F6406271AB39400204EEB /* MonthlyContentViewController.swift in Sources */ = {isa = PBXBuildFile; fileRef = 093F6405271AB39400204EEB /* MonthlyContentViewController.swift */; };
		093F6408271B06B800204EEB /* MainCategoryCollectionViewCell.swift in Sources */ = {isa = PBXBuildFile; fileRef = 093F6407271B06B800204EEB /* MainCategoryCollectionViewCell.swift */; };
		095867AA271C169500D7517A /* MonthlyContentHeaderCollectionReusableView.xib in Resources */ = {isa = PBXBuildFile; fileRef = 095867A9271C169500D7517A /* MonthlyContentHeaderCollectionReusableView.xib */; };
		095867AC271C18BC00D7517A /* MonthlyContentHeaderCollectionReusableViewMonthlyContentHeaderCollectionReusableView.swift in Sources */ = {isa = PBXBuildFile; fileRef = 095867AB271C18BC00D7517A /* MonthlyContentHeaderCollectionReusableViewMonthlyContentHeaderCollectionReusableView.swift */; };
		095867B3271C5E7200D7517A /* Cache.swift in Sources */ = {isa = PBXBuildFile; fileRef = 095867B2271C5E7200D7517A /* Cache.swift */; };
		095867B5271C5F6300D7517A /* NoteMock.swift in Sources */ = {isa = PBXBuildFile; fileRef = 095867B4271C5F6300D7517A /* NoteMock.swift */; };
		09596986272D81CC0094017E /* MonthlyTabCollectionViewCell.xib in Resources */ = {isa = PBXBuildFile; fileRef = 09596985272D81CC0094017E /* MonthlyTabCollectionViewCell.xib */; };
		09596989272D858F0094017E /* MonthlyTabCollectionViewCell.swift in Sources */ = {isa = PBXBuildFile; fileRef = 09596988272D858F0094017E /* MonthlyTabCollectionViewCell.swift */; };
		0959698C272E82150094017E /* Int.swift in Sources */ = {isa = PBXBuildFile; fileRef = 0959698B272E82140094017E /* Int.swift */; };
		0959698E272EC7860094017E /* MonthlyTabViewFlowLayout.swift in Sources */ = {isa = PBXBuildFile; fileRef = 0959698D272EC7860094017E /* MonthlyTabViewFlowLayout.swift */; };
		09596991272EC8580094017E /* Const.swift in Sources */ = {isa = PBXBuildFile; fileRef = 09596990272EC8580094017E /* Const.swift */; };
		099D07A626BE5CD1005D294D /* BankEntity.swift in Sources */ = {isa = PBXBuildFile; fileRef = 099D07A526BE5CD1005D294D /* BankEntity.swift */; };
		09A9655B270DDB1000D1F67F /* MonthlyTabViewController.swift in Sources */ = {isa = PBXBuildFile; fileRef = 09A9655A270DDB1000D1F67F /* MonthlyTabViewController.swift */; };
		09AEDB3E267F2F70003CA186 /* AppDelegate.swift in Sources */ = {isa = PBXBuildFile; fileRef = 09AEDB3D267F2F70003CA186 /* AppDelegate.swift */; };
		09AEDB40267F2F70003CA186 /* SceneDelegate.swift in Sources */ = {isa = PBXBuildFile; fileRef = 09AEDB3F267F2F70003CA186 /* SceneDelegate.swift */; };
		09AEDB47267F2F73003CA186 /* Assets.xcassets in Resources */ = {isa = PBXBuildFile; fileRef = 09AEDB46267F2F73003CA186 /* Assets.xcassets */; };
		09AEDB4A267F2F73003CA186 /* LaunchScreen.storyboard in Resources */ = {isa = PBXBuildFile; fileRef = 09AEDB48267F2F73003CA186 /* LaunchScreen.storyboard */; };
		09AEDB55267F2F73003CA186 /* PayNoteTests.swift in Sources */ = {isa = PBXBuildFile; fileRef = 09AEDB54267F2F73003CA186 /* PayNoteTests.swift */; };
		09AEDB60267F2F73003CA186 /* PayNoteUITests.swift in Sources */ = {isa = PBXBuildFile; fileRef = 09AEDB5F267F2F73003CA186 /* PayNoteUITests.swift */; };
		09B541BD2686F736003C37AB /* MainTabBarController.swift in Sources */ = {isa = PBXBuildFile; fileRef = 09B541BC2686F736003C37AB /* MainTabBarController.swift */; };
		09B541BF2686FCD9003C37AB /* Transitioner.swift in Sources */ = {isa = PBXBuildFile; fileRef = 09B541BE2686FCD9003C37AB /* Transitioner.swift */; };
		09B541C226870794003C37AB /* R.generated.swift in Sources */ = {isa = PBXBuildFile; fileRef = 09B541C126870794003C37AB /* R.generated.swift */; };
		09B541C926871384003C37AB /* HomeViewController.swift in Sources */ = {isa = PBXBuildFile; fileRef = 09B541C826871384003C37AB /* HomeViewController.swift */; };
		09B541CB268713E4003C37AB /* Home.storyboard in Resources */ = {isa = PBXBuildFile; fileRef = 09B541CA268713E4003C37AB /* Home.storyboard */; };
		09B541DF26877652003C37AB /* MainTabPresenter.swift in Sources */ = {isa = PBXBuildFile; fileRef = 09B541DE26877652003C37AB /* MainTabPresenter.swift */; };
		09B541E126877904003C37AB /* MainTabRouter.swift in Sources */ = {isa = PBXBuildFile; fileRef = 09B541E026877904003C37AB /* MainTabRouter.swift */; };
		09B541E626878E5A003C37AB /* Localizable.strings in Resources */ = {isa = PBXBuildFile; fileRef = 09B541E826878E5A003C37AB /* Localizable.strings */; };
		09B541EB26878FCC003C37AB /* HomePresenter.swift in Sources */ = {isa = PBXBuildFile; fileRef = 09B541EA26878FCC003C37AB /* HomePresenter.swift */; };
		09B542152691F811003C37AB /* MainTabBar.swift in Sources */ = {isa = PBXBuildFile; fileRef = 09B542142691F811003C37AB /* MainTabBar.swift */; };
		09B5421726927B2A003C37AB /* ColorManager.swift in Sources */ = {isa = PBXBuildFile; fileRef = 09B5421626927B2A003C37AB /* ColorManager.swift */; };
		09B5421926947CCB003C37AB /* MainTabBar.xib in Resources */ = {isa = PBXBuildFile; fileRef = 09B5421826947CCB003C37AB /* MainTabBar.xib */; };
		58A1110166FDB06B61B474D1 /* Pods_PayNote_PayNoteUITests.framework in Frameworks */ = {isa = PBXBuildFile; fileRef = 3F7B62F7B12C348FAD9AC6EF /* Pods_PayNote_PayNoteUITests.framework */; };
		6129B7393D8B76C4D8CD3808 /* Pods_PayNote.framework in Frameworks */ = {isa = PBXBuildFile; fileRef = 3CA88CA6668CD9556F12B0FE /* Pods_PayNote.framework */; };
		D9141ECC526C02FC176D9C09 /* Pods_PayNoteTests.framework in Frameworks */ = {isa = PBXBuildFile; fileRef = DAD0FA05239B136ABC4C7BFA /* Pods_PayNoteTests.framework */; };
/* End PBXBuildFile section */

/* Begin PBXContainerItemProxy section */
		09AEDB51267F2F73003CA186 /* PBXContainerItemProxy */ = {
			isa = PBXContainerItemProxy;
			containerPortal = 09AEDB32267F2F70003CA186 /* Project object */;
			proxyType = 1;
			remoteGlobalIDString = 09AEDB39267F2F70003CA186;
			remoteInfo = PayNote;
		};
		09AEDB5C267F2F73003CA186 /* PBXContainerItemProxy */ = {
			isa = PBXContainerItemProxy;
			containerPortal = 09AEDB32267F2F70003CA186 /* Project object */;
			proxyType = 1;
			remoteGlobalIDString = 09AEDB39267F2F70003CA186;
			remoteInfo = PayNote;
		};
/* End PBXContainerItemProxy section */

/* Begin PBXFileReference section */
		091FB4F026A2967600AD4812 /* MainTabBarItem.swift */ = {isa = PBXFileReference; lastKnownFileType = sourcecode.swift; path = MainTabBarItem.swift; sourceTree = "<group>"; };
		091FB50E26A3214A00AD4812 /* HistoryViewController.swift */ = {isa = PBXFileReference; lastKnownFileType = sourcecode.swift; path = HistoryViewController.swift; sourceTree = "<group>"; };
		091FB51026A3218700AD4812 /* HistoryPresenter.swift */ = {isa = PBXFileReference; lastKnownFileType = sourcecode.swift; path = HistoryPresenter.swift; sourceTree = "<group>"; };
		091FB51326A321F800AD4812 /* History.storyboard */ = {isa = PBXFileReference; lastKnownFileType = file.storyboard; path = History.storyboard; sourceTree = "<group>"; };
		091FB51626A3274600AD4812 /* Account.storyboard */ = {isa = PBXFileReference; lastKnownFileType = file.storyboard; path = Account.storyboard; sourceTree = "<group>"; };
		091FB51826A3275600AD4812 /* AccountViewController.swift */ = {isa = PBXFileReference; lastKnownFileType = sourcecode.swift; path = AccountViewController.swift; sourceTree = "<group>"; };
		091FB51A26A3276600AD4812 /* AccountPresenter.swift */ = {isa = PBXFileReference; lastKnownFileType = sourcecode.swift; path = AccountPresenter.swift; sourceTree = "<group>"; };
		091FB51E26A328F100AD4812 /* SettingViewController.swift */ = {isa = PBXFileReference; lastKnownFileType = sourcecode.swift; path = SettingViewController.swift; sourceTree = "<group>"; };
		091FB52026A328FF00AD4812 /* SettingPresenter.swift */ = {isa = PBXFileReference; lastKnownFileType = sourcecode.swift; path = SettingPresenter.swift; sourceTree = "<group>"; };
		091FB52226A3297900AD4812 /* Setting.storyboard */ = {isa = PBXFileReference; lastKnownFileType = file.storyboard; path = Setting.storyboard; sourceTree = "<group>"; };
		091FB52726A3EA2E00AD4812 /* AddNewCashTransaction.storyboard */ = {isa = PBXFileReference; lastKnownFileType = file.storyboard; path = AddNewCashTransaction.storyboard; sourceTree = "<group>"; };
		091FB52926A3EA4100AD4812 /* AddNewCashTransactionViewController.swift */ = {isa = PBXFileReference; lastKnownFileType = sourcecode.swift; path = AddNewCashTransactionViewController.swift; sourceTree = "<group>"; };
		091FB52B26A3EA5B00AD4812 /* AddNewCashTransactionPresenter.swift */ = {isa = PBXFileReference; lastKnownFileType = sourcecode.swift; path = AddNewCashTransactionPresenter.swift; sourceTree = "<group>"; };
		091FB53026B44B8400AD4812 /* CashTransactionEntity.swift */ = {isa = PBXFileReference; lastKnownFileType = sourcecode.swift; path = CashTransactionEntity.swift; sourceTree = "<group>"; };
		091FB53226B454A800AD4812 /* SubCategoryEntity.swift */ = {isa = PBXFileReference; lastKnownFileType = sourcecode.swift; path = SubCategoryEntity.swift; sourceTree = "<group>"; };
		091FB53426B4560A00AD4812 /* InOut.swift */ = {isa = PBXFileReference; lastKnownFileType = sourcecode.swift; path = InOut.swift; sourceTree = "<group>"; };
		091FB53626B4584F00AD4812 /* MainCategoryEntity.swift */ = {isa = PBXFileReference; lastKnownFileType = sourcecode.swift; path = MainCategoryEntity.swift; sourceTree = "<group>"; };
		0939C765271F082600F5BE36 /* MonthlyNote.swift */ = {isa = PBXFileReference; lastKnownFileType = sourcecode.swift; path = MonthlyNote.swift; sourceTree = "<group>"; };
		0939C767271F088F00F5BE36 /* YearMonth.swift */ = {isa = PBXFileReference; lastKnownFileType = sourcecode.swift; path = YearMonth.swift; sourceTree = "<group>"; };
		0939C769271F090400F5BE36 /* MainNote.swift */ = {isa = PBXFileReference; lastKnownFileType = sourcecode.swift; path = MainNote.swift; sourceTree = "<group>"; };
		0939C76B271F0B8400F5BE36 /* SubNote.swift */ = {isa = PBXFileReference; lastKnownFileType = sourcecode.swift; path = SubNote.swift; sourceTree = "<group>"; };
		0939C76F271F183100F5BE36 /* Date+Calendar.swift */ = {isa = PBXFileReference; lastKnownFileType = sourcecode.swift; path = "Date+Calendar.swift"; sourceTree = "<group>"; };
		093F6405271AB39400204EEB /* MonthlyContentViewController.swift */ = {isa = PBXFileReference; lastKnownFileType = sourcecode.swift; path = MonthlyContentViewController.swift; sourceTree = "<group>"; };
		093F6407271B06B800204EEB /* MainCategoryCollectionViewCell.swift */ = {isa = PBXFileReference; lastKnownFileType = sourcecode.swift; path = MainCategoryCollectionViewCell.swift; sourceTree = "<group>"; };
		095867A9271C169500D7517A /* MonthlyContentHeaderCollectionReusableView.xib */ = {isa = PBXFileReference; lastKnownFileType = file.xib; path = MonthlyContentHeaderCollectionReusableView.xib; sourceTree = "<group>"; };
		095867AB271C18BC00D7517A /* MonthlyContentHeaderCollectionReusableViewMonthlyContentHeaderCollectionReusableView.swift */ = {isa = PBXFileReference; lastKnownFileType = sourcecode.swift; path = MonthlyContentHeaderCollectionReusableViewMonthlyContentHeaderCollectionReusableView.swift; sourceTree = "<group>"; };
		095867B2271C5E7200D7517A /* Cache.swift */ = {isa = PBXFileReference; lastKnownFileType = sourcecode.swift; path = Cache.swift; sourceTree = "<group>"; };
		095867B4271C5F6300D7517A /* NoteMock.swift */ = {isa = PBXFileReference; lastKnownFileType = sourcecode.swift; path = NoteMock.swift; sourceTree = "<group>"; };
		09596985272D81CC0094017E /* MonthlyTabCollectionViewCell.xib */ = {isa = PBXFileReference; lastKnownFileType = file.xib; path = MonthlyTabCollectionViewCell.xib; sourceTree = "<group>"; };
		09596988272D858F0094017E /* MonthlyTabCollectionViewCell.swift */ = {isa = PBXFileReference; lastKnownFileType = sourcecode.swift; path = MonthlyTabCollectionViewCell.swift; sourceTree = "<group>"; };
		0959698B272E82140094017E /* Int.swift */ = {isa = PBXFileReference; lastKnownFileType = sourcecode.swift; path = Int.swift; sourceTree = "<group>"; };
		0959698D272EC7860094017E /* MonthlyTabViewFlowLayout.swift */ = {isa = PBXFileReference; lastKnownFileType = sourcecode.swift; path = MonthlyTabViewFlowLayout.swift; sourceTree = "<group>"; };
		09596990272EC8580094017E /* Const.swift */ = {isa = PBXFileReference; lastKnownFileType = sourcecode.swift; path = Const.swift; sourceTree = "<group>"; };
		099D07A526BE5CD1005D294D /* BankEntity.swift */ = {isa = PBXFileReference; lastKnownFileType = sourcecode.swift; path = BankEntity.swift; sourceTree = "<group>"; };
		09A9655A270DDB1000D1F67F /* MonthlyTabViewController.swift */ = {isa = PBXFileReference; lastKnownFileType = sourcecode.swift; path = MonthlyTabViewController.swift; sourceTree = "<group>"; wrapsLines = 0; };
		09AEDB3A267F2F70003CA186 /* PayNote.app */ = {isa = PBXFileReference; explicitFileType = wrapper.application; includeInIndex = 0; path = PayNote.app; sourceTree = BUILT_PRODUCTS_DIR; };
		09AEDB3D267F2F70003CA186 /* AppDelegate.swift */ = {isa = PBXFileReference; lastKnownFileType = sourcecode.swift; path = AppDelegate.swift; sourceTree = "<group>"; };
		09AEDB3F267F2F70003CA186 /* SceneDelegate.swift */ = {isa = PBXFileReference; lastKnownFileType = sourcecode.swift; path = SceneDelegate.swift; sourceTree = "<group>"; };
		09AEDB46267F2F73003CA186 /* Assets.xcassets */ = {isa = PBXFileReference; lastKnownFileType = folder.assetcatalog; path = Assets.xcassets; sourceTree = "<group>"; };
		09AEDB49267F2F73003CA186 /* Base */ = {isa = PBXFileReference; lastKnownFileType = file.storyboard; name = Base; path = Base.lproj/LaunchScreen.storyboard; sourceTree = "<group>"; };
		09AEDB4B267F2F73003CA186 /* Info.plist */ = {isa = PBXFileReference; lastKnownFileType = text.plist.xml; path = Info.plist; sourceTree = "<group>"; };
		09AEDB50267F2F73003CA186 /* PayNoteTests.xctest */ = {isa = PBXFileReference; explicitFileType = wrapper.cfbundle; includeInIndex = 0; path = PayNoteTests.xctest; sourceTree = BUILT_PRODUCTS_DIR; };
		09AEDB54267F2F73003CA186 /* PayNoteTests.swift */ = {isa = PBXFileReference; lastKnownFileType = sourcecode.swift; path = PayNoteTests.swift; sourceTree = "<group>"; };
		09AEDB56267F2F73003CA186 /* Info.plist */ = {isa = PBXFileReference; lastKnownFileType = text.plist.xml; path = Info.plist; sourceTree = "<group>"; };
		09AEDB5B267F2F73003CA186 /* PayNoteUITests.xctest */ = {isa = PBXFileReference; explicitFileType = wrapper.cfbundle; includeInIndex = 0; path = PayNoteUITests.xctest; sourceTree = BUILT_PRODUCTS_DIR; };
		09AEDB5F267F2F73003CA186 /* PayNoteUITests.swift */ = {isa = PBXFileReference; lastKnownFileType = sourcecode.swift; path = PayNoteUITests.swift; sourceTree = "<group>"; };
		09AEDB61267F2F73003CA186 /* Info.plist */ = {isa = PBXFileReference; lastKnownFileType = text.plist.xml; path = Info.plist; sourceTree = "<group>"; };
		09B541BC2686F736003C37AB /* MainTabBarController.swift */ = {isa = PBXFileReference; lastKnownFileType = sourcecode.swift; path = MainTabBarController.swift; sourceTree = "<group>"; };
		09B541BE2686FCD9003C37AB /* Transitioner.swift */ = {isa = PBXFileReference; lastKnownFileType = sourcecode.swift; path = Transitioner.swift; sourceTree = "<group>"; };
		09B541C126870794003C37AB /* R.generated.swift */ = {isa = PBXFileReference; fileEncoding = 4; lastKnownFileType = sourcecode.swift; name = R.generated.swift; path = Generated/R.generated.swift; sourceTree = SOURCE_ROOT; };
		09B541C826871384003C37AB /* HomeViewController.swift */ = {isa = PBXFileReference; lastKnownFileType = sourcecode.swift; path = HomeViewController.swift; sourceTree = "<group>"; };
		09B541CA268713E4003C37AB /* Home.storyboard */ = {isa = PBXFileReference; lastKnownFileType = file.storyboard; path = Home.storyboard; sourceTree = "<group>"; };
		09B541DE26877652003C37AB /* MainTabPresenter.swift */ = {isa = PBXFileReference; lastKnownFileType = sourcecode.swift; path = MainTabPresenter.swift; sourceTree = "<group>"; };
		09B541E026877904003C37AB /* MainTabRouter.swift */ = {isa = PBXFileReference; lastKnownFileType = sourcecode.swift; path = MainTabRouter.swift; sourceTree = "<group>"; };
		09B541E726878E5A003C37AB /* ja */ = {isa = PBXFileReference; lastKnownFileType = text.plist.strings; name = ja; path = ja.lproj/Localizable.strings; sourceTree = "<group>"; };
		09B541E926878E6D003C37AB /* en */ = {isa = PBXFileReference; lastKnownFileType = text.plist.strings; name = en; path = en.lproj/Localizable.strings; sourceTree = "<group>"; };
		09B541EA26878FCC003C37AB /* HomePresenter.swift */ = {isa = PBXFileReference; lastKnownFileType = sourcecode.swift; path = HomePresenter.swift; sourceTree = "<group>"; };
		09B542142691F811003C37AB /* MainTabBar.swift */ = {isa = PBXFileReference; lastKnownFileType = sourcecode.swift; path = MainTabBar.swift; sourceTree = "<group>"; };
		09B5421626927B2A003C37AB /* ColorManager.swift */ = {isa = PBXFileReference; lastKnownFileType = sourcecode.swift; path = ColorManager.swift; sourceTree = "<group>"; };
		09B5421826947CCB003C37AB /* MainTabBar.xib */ = {isa = PBXFileReference; lastKnownFileType = file.xib; path = MainTabBar.xib; sourceTree = "<group>"; };
		0E780096C1CB107D56D32BD0 /* Pods-PayNote.debug.xcconfig */ = {isa = PBXFileReference; includeInIndex = 1; lastKnownFileType = text.xcconfig; name = "Pods-PayNote.debug.xcconfig"; path = "Target Support Files/Pods-PayNote/Pods-PayNote.debug.xcconfig"; sourceTree = "<group>"; };
		18F38CC7829F7779F8FE7D3D /* Pods-PayNote.release.xcconfig */ = {isa = PBXFileReference; includeInIndex = 1; lastKnownFileType = text.xcconfig; name = "Pods-PayNote.release.xcconfig"; path = "Target Support Files/Pods-PayNote/Pods-PayNote.release.xcconfig"; sourceTree = "<group>"; };
		3CA88CA6668CD9556F12B0FE /* Pods_PayNote.framework */ = {isa = PBXFileReference; explicitFileType = wrapper.framework; includeInIndex = 0; path = Pods_PayNote.framework; sourceTree = BUILT_PRODUCTS_DIR; };
		3F7B62F7B12C348FAD9AC6EF /* Pods_PayNote_PayNoteUITests.framework */ = {isa = PBXFileReference; explicitFileType = wrapper.framework; includeInIndex = 0; path = Pods_PayNote_PayNoteUITests.framework; sourceTree = BUILT_PRODUCTS_DIR; };
		44E40E4D7B15A9F3CDE0E594 /* Pods-PayNote-PayNoteUITests.release.xcconfig */ = {isa = PBXFileReference; includeInIndex = 1; lastKnownFileType = text.xcconfig; name = "Pods-PayNote-PayNoteUITests.release.xcconfig"; path = "Target Support Files/Pods-PayNote-PayNoteUITests/Pods-PayNote-PayNoteUITests.release.xcconfig"; sourceTree = "<group>"; };
		DAD0FA05239B136ABC4C7BFA /* Pods_PayNoteTests.framework */ = {isa = PBXFileReference; explicitFileType = wrapper.framework; includeInIndex = 0; path = Pods_PayNoteTests.framework; sourceTree = BUILT_PRODUCTS_DIR; };
		DD3DC2792BB788BB0E2E8528 /* Pods-PayNote-PayNoteUITests.debug.xcconfig */ = {isa = PBXFileReference; includeInIndex = 1; lastKnownFileType = text.xcconfig; name = "Pods-PayNote-PayNoteUITests.debug.xcconfig"; path = "Target Support Files/Pods-PayNote-PayNoteUITests/Pods-PayNote-PayNoteUITests.debug.xcconfig"; sourceTree = "<group>"; };
		ED9B80B3AAD9CE5D05558A00 /* Pods-PayNoteTests.release.xcconfig */ = {isa = PBXFileReference; includeInIndex = 1; lastKnownFileType = text.xcconfig; name = "Pods-PayNoteTests.release.xcconfig"; path = "Target Support Files/Pods-PayNoteTests/Pods-PayNoteTests.release.xcconfig"; sourceTree = "<group>"; };
		F508C75A486D42972E7480F4 /* Pods-PayNoteTests.debug.xcconfig */ = {isa = PBXFileReference; includeInIndex = 1; lastKnownFileType = text.xcconfig; name = "Pods-PayNoteTests.debug.xcconfig"; path = "Target Support Files/Pods-PayNoteTests/Pods-PayNoteTests.debug.xcconfig"; sourceTree = "<group>"; };
/* End PBXFileReference section */

/* Begin PBXFrameworksBuildPhase section */
		09AEDB37267F2F70003CA186 /* Frameworks */ = {
			isa = PBXFrameworksBuildPhase;
			buildActionMask = 2147483647;
			files = (
				6129B7393D8B76C4D8CD3808 /* Pods_PayNote.framework in Frameworks */,
			);
			runOnlyForDeploymentPostprocessing = 0;
		};
		09AEDB4D267F2F73003CA186 /* Frameworks */ = {
			isa = PBXFrameworksBuildPhase;
			buildActionMask = 2147483647;
			files = (
				D9141ECC526C02FC176D9C09 /* Pods_PayNoteTests.framework in Frameworks */,
			);
			runOnlyForDeploymentPostprocessing = 0;
		};
		09AEDB58267F2F73003CA186 /* Frameworks */ = {
			isa = PBXFrameworksBuildPhase;
			buildActionMask = 2147483647;
			files = (
				58A1110166FDB06B61B474D1 /* Pods_PayNote_PayNoteUITests.framework in Frameworks */,
			);
			runOnlyForDeploymentPostprocessing = 0;
		};
/* End PBXFrameworksBuildPhase section */

/* Begin PBXGroup section */
		091FB4F226A2D01500AD4812 /* View */ = {
			isa = PBXGroup;
			children = (
				09B541BC2686F736003C37AB /* MainTabBarController.swift */,
				09B542142691F811003C37AB /* MainTabBar.swift */,
				09B5421826947CCB003C37AB /* MainTabBar.xib */,
				091FB4F026A2967600AD4812 /* MainTabBarItem.swift */,
			);
			path = View;
			sourceTree = "<group>";
		};
		091FB50D26A3211B00AD4812 /* History */ = {
			isa = PBXGroup;
			children = (
				091FB51226A321B300AD4812 /* View */,
				091FB51026A3218700AD4812 /* HistoryPresenter.swift */,
			);
			path = History;
			sourceTree = "<group>";
		};
		091FB51226A321B300AD4812 /* View */ = {
			isa = PBXGroup;
			children = (
				091FB50E26A3214A00AD4812 /* HistoryViewController.swift */,
				091FB51326A321F800AD4812 /* History.storyboard */,
			);
			path = View;
			sourceTree = "<group>";
		};
		091FB51526A3272600AD4812 /* Account */ = {
			isa = PBXGroup;
			children = (
				091FB51C26A327C100AD4812 /* View */,
				091FB51A26A3276600AD4812 /* AccountPresenter.swift */,
			);
			path = Account;
			sourceTree = "<group>";
		};
		091FB51C26A327C100AD4812 /* View */ = {
			isa = PBXGroup;
			children = (
				091FB51826A3275600AD4812 /* AccountViewController.swift */,
				091FB51626A3274600AD4812 /* Account.storyboard */,
			);
			path = View;
			sourceTree = "<group>";
		};
		091FB51D26A328AE00AD4812 /* Setting */ = {
			isa = PBXGroup;
			children = (
				091FB52426A3298C00AD4812 /* View */,
				091FB52026A328FF00AD4812 /* SettingPresenter.swift */,
			);
			path = Setting;
			sourceTree = "<group>";
		};
		091FB52426A3298C00AD4812 /* View */ = {
			isa = PBXGroup;
			children = (
				091FB51E26A328F100AD4812 /* SettingViewController.swift */,
				091FB52226A3297900AD4812 /* Setting.storyboard */,
			);
			path = View;
			sourceTree = "<group>";
		};
		091FB52526A32F7400AD4812 /* Resources */ = {
			isa = PBXGroup;
			children = (
				09AEDB46267F2F73003CA186 /* Assets.xcassets */,
				09B541E826878E5A003C37AB /* Localizable.strings */,
				09AEDB4B267F2F73003CA186 /* Info.plist */,
			);
			path = Resources;
			sourceTree = "<group>";
		};
		091FB52626A3EA0700AD4812 /* AddNewCashTransaction */ = {
			isa = PBXGroup;
			children = (
				091FB52D26A3EB6900AD4812 /* View */,
				091FB52B26A3EA5B00AD4812 /* AddNewCashTransactionPresenter.swift */,
			);
			path = AddNewCashTransaction;
			sourceTree = "<group>";
		};
		091FB52D26A3EB6900AD4812 /* View */ = {
			isa = PBXGroup;
			children = (
				091FB52726A3EA2E00AD4812 /* AddNewCashTransaction.storyboard */,
				091FB52926A3EA4100AD4812 /* AddNewCashTransactionViewController.swift */,
			);
			path = View;
			sourceTree = "<group>";
		};
		0939C764271F078500F5BE36 /* Notes */ = {
			isa = PBXGroup;
			children = (
				0939C767271F088F00F5BE36 /* YearMonth.swift */,
				0939C765271F082600F5BE36 /* MonthlyNote.swift */,
				0939C769271F090400F5BE36 /* MainNote.swift */,
				0939C76B271F0B8400F5BE36 /* SubNote.swift */,
			);
			path = Notes;
			sourceTree = "<group>";
		};
		0939C76D271F17C600F5BE36 /* PageModules */ = {
			isa = PBXGroup;
			children = (
				09B541DD2687713D003C37AB /* MainTab */,
				09B541CC268713EB003C37AB /* Home */,
				091FB50D26A3211B00AD4812 /* History */,
				091FB51526A3272600AD4812 /* Account */,
				091FB51D26A328AE00AD4812 /* Setting */,
				091FB52626A3EA0700AD4812 /* AddNewCashTransaction */,
			);
			path = PageModules;
			sourceTree = "<group>";
		};
		0939C76E271F180600F5BE36 /* Extensions */ = {
			isa = PBXGroup;
			children = (
				0939C76F271F183100F5BE36 /* Date+Calendar.swift */,
				0959698B272E82140094017E /* Int.swift */,
			);
			path = Extensions;
			sourceTree = "<group>";
		};
		095867AD271C4C1200D7517A /* Mock */ = {
			isa = PBXGroup;
			children = (
				095867B4271C5F6300D7517A /* NoteMock.swift */,
			);
			path = Mock;
			sourceTree = "<group>";
		};
		09596987272D82450094017E /* MonthlyTab */ = {
			isa = PBXGroup;
			children = (
				09A9655A270DDB1000D1F67F /* MonthlyTabViewController.swift */,
				09596985272D81CC0094017E /* MonthlyTabCollectionViewCell.xib */,
				09596988272D858F0094017E /* MonthlyTabCollectionViewCell.swift */,
				0959698D272EC7860094017E /* MonthlyTabViewFlowLayout.swift */,
			);
			path = MonthlyTab;
			sourceTree = "<group>";
		};
		0959698A272D87890094017E /* MonthlyContent */ = {
			isa = PBXGroup;
			children = (
				093F6405271AB39400204EEB /* MonthlyContentViewController.swift */,
				093F6407271B06B800204EEB /* MainCategoryCollectionViewCell.swift */,
				095867A9271C169500D7517A /* MonthlyContentHeaderCollectionReusableView.xib */,
				095867AB271C18BC00D7517A /* MonthlyContentHeaderCollectionReusableViewMonthlyContentHeaderCollectionReusableView.swift */,
			);
			path = MonthlyContent;
			sourceTree = "<group>";
		};
		0959698F272EC7F30094017E /* Constant */ = {
			isa = PBXGroup;
			children = (
				09596990272EC8580094017E /* Const.swift */,
			);
			path = Constant;
			sourceTree = "<group>";
		};
		099D07A426BE5C68005D294D /* Entities */ = {
			isa = PBXGroup;
			children = (
				091FB53026B44B8400AD4812 /* CashTransactionEntity.swift */,
				091FB53226B454A800AD4812 /* SubCategoryEntity.swift */,
				091FB53626B4584F00AD4812 /* MainCategoryEntity.swift */,
				099D07A526BE5CD1005D294D /* BankEntity.swift */,
				091FB53426B4560A00AD4812 /* InOut.swift */,
			);
			path = Entities;
			sourceTree = "<group>";
		};
		09AEDB31267F2F70003CA186 = {
			isa = PBXGroup;
			children = (
				09AEDB3C267F2F70003CA186 /* PayNote */,
				09B541C526870BB6003C37AB /* Generated */,
				09AEDB53267F2F73003CA186 /* PayNoteTests */,
				09AEDB5E267F2F73003CA186 /* PayNoteUITests */,
				09AEDB3B267F2F70003CA186 /* Products */,
				4739B5CAC26E736C41EBFA67 /* Pods */,
				52E39D0B9274C30733E52D48 /* Frameworks */,
			);
			sourceTree = "<group>";
		};
		09AEDB3B267F2F70003CA186 /* Products */ = {
			isa = PBXGroup;
			children = (
				09AEDB3A267F2F70003CA186 /* PayNote.app */,
				09AEDB50267F2F73003CA186 /* PayNoteTests.xctest */,
				09AEDB5B267F2F73003CA186 /* PayNoteUITests.xctest */,
			);
			name = Products;
			sourceTree = "<group>";
		};
		09AEDB3C267F2F70003CA186 /* PayNote */ = {
			isa = PBXGroup;
			children = (
				09AEDB3D267F2F70003CA186 /* AppDelegate.swift */,
				09AEDB3F267F2F70003CA186 /* SceneDelegate.swift */,
				095867B2271C5E7200D7517A /* Cache.swift */,
				099D07A426BE5C68005D294D /* Entities */,
				0939C764271F078500F5BE36 /* Notes */,
				0939C76D271F17C600F5BE36 /* PageModules */,
				09B541BE2686FCD9003C37AB /* Transitioner.swift */,
				09B5421626927B2A003C37AB /* ColorManager.swift */,
				0959698F272EC7F30094017E /* Constant */,
				0939C76E271F180600F5BE36 /* Extensions */,
				095867AD271C4C1200D7517A /* Mock */,
				091FB52526A32F7400AD4812 /* Resources */,
				09AEDB48267F2F73003CA186 /* LaunchScreen.storyboard */,
			);
			path = PayNote;
			sourceTree = "<group>";
		};
		09AEDB53267F2F73003CA186 /* PayNoteTests */ = {
			isa = PBXGroup;
			children = (
				09AEDB54267F2F73003CA186 /* PayNoteTests.swift */,
				09AEDB56267F2F73003CA186 /* Info.plist */,
			);
			path = PayNoteTests;
			sourceTree = "<group>";
		};
		09AEDB5E267F2F73003CA186 /* PayNoteUITests */ = {
			isa = PBXGroup;
			children = (
				09AEDB5F267F2F73003CA186 /* PayNoteUITests.swift */,
				09AEDB61267F2F73003CA186 /* Info.plist */,
			);
			path = PayNoteUITests;
			sourceTree = "<group>";
		};
		09B541C526870BB6003C37AB /* Generated */ = {
			isa = PBXGroup;
			children = (
				09B541C126870794003C37AB /* R.generated.swift */,
			);
			path = Generated;
			sourceTree = "<group>";
		};
		09B541CC268713EB003C37AB /* Home */ = {
			isa = PBXGroup;
			children = (
				09B541CD268713FB003C37AB /* View */,
				09B541EA26878FCC003C37AB /* HomePresenter.swift */,
			);
			path = Home;
			sourceTree = "<group>";
		};
		09B541CD268713FB003C37AB /* View */ = {
			isa = PBXGroup;
			children = (
				09B541CA268713E4003C37AB /* Home.storyboard */,
				09B541C826871384003C37AB /* HomeViewController.swift */,
				09596987272D82450094017E /* MonthlyTab */,
				0959698A272D87890094017E /* MonthlyContent */,
			);
			path = View;
			sourceTree = "<group>";
		};
		09B541DD2687713D003C37AB /* MainTab */ = {
			isa = PBXGroup;
			children = (
				091FB4F226A2D01500AD4812 /* View */,
				09B541DE26877652003C37AB /* MainTabPresenter.swift */,
				09B541E026877904003C37AB /* MainTabRouter.swift */,
			);
			path = MainTab;
			sourceTree = "<group>";
		};
		4739B5CAC26E736C41EBFA67 /* Pods */ = {
			isa = PBXGroup;
			children = (
				0E780096C1CB107D56D32BD0 /* Pods-PayNote.debug.xcconfig */,
				18F38CC7829F7779F8FE7D3D /* Pods-PayNote.release.xcconfig */,
				DD3DC2792BB788BB0E2E8528 /* Pods-PayNote-PayNoteUITests.debug.xcconfig */,
				44E40E4D7B15A9F3CDE0E594 /* Pods-PayNote-PayNoteUITests.release.xcconfig */,
				F508C75A486D42972E7480F4 /* Pods-PayNoteTests.debug.xcconfig */,
				ED9B80B3AAD9CE5D05558A00 /* Pods-PayNoteTests.release.xcconfig */,
			);
			path = Pods;
			sourceTree = "<group>";
		};
		52E39D0B9274C30733E52D48 /* Frameworks */ = {
			isa = PBXGroup;
			children = (
				3CA88CA6668CD9556F12B0FE /* Pods_PayNote.framework */,
				3F7B62F7B12C348FAD9AC6EF /* Pods_PayNote_PayNoteUITests.framework */,
				DAD0FA05239B136ABC4C7BFA /* Pods_PayNoteTests.framework */,
			);
			name = Frameworks;
			sourceTree = "<group>";
		};
/* End PBXGroup section */

/* Begin PBXNativeTarget section */
		09AEDB39267F2F70003CA186 /* PayNote */ = {
			isa = PBXNativeTarget;
			buildConfigurationList = 09AEDB64267F2F73003CA186 /* Build configuration list for PBXNativeTarget "PayNote" */;
			buildPhases = (
				6FB48441A4BF6BADE6BCB337 /* [CP] Check Pods Manifest.lock */,
				09B541C0268704D6003C37AB /* ShellScript */,
				09AEDB36267F2F70003CA186 /* Sources */,
				09AEDB37267F2F70003CA186 /* Frameworks */,
				09AEDB38267F2F70003CA186 /* Resources */,
				EC0BDDC859244A44605FC1A5 /* [CP] Embed Pods Frameworks */,
				09B541C326870A39003C37AB /* ShellScript */,
			);
			buildRules = (
			);
			dependencies = (
			);
			name = PayNote;
			productName = PayNote;
			productReference = 09AEDB3A267F2F70003CA186 /* PayNote.app */;
			productType = "com.apple.product-type.application";
		};
		09AEDB4F267F2F73003CA186 /* PayNoteTests */ = {
			isa = PBXNativeTarget;
			buildConfigurationList = 09AEDB67267F2F73003CA186 /* Build configuration list for PBXNativeTarget "PayNoteTests" */;
			buildPhases = (
				A1CBD2ED6B34B27167FC60E0 /* [CP] Check Pods Manifest.lock */,
				09AEDB4C267F2F73003CA186 /* Sources */,
				09AEDB4D267F2F73003CA186 /* Frameworks */,
				09AEDB4E267F2F73003CA186 /* Resources */,
			);
			buildRules = (
			);
			dependencies = (
				09AEDB52267F2F73003CA186 /* PBXTargetDependency */,
			);
			name = PayNoteTests;
			productName = PayNoteTests;
			productReference = 09AEDB50267F2F73003CA186 /* PayNoteTests.xctest */;
			productType = "com.apple.product-type.bundle.unit-test";
		};
		09AEDB5A267F2F73003CA186 /* PayNoteUITests */ = {
			isa = PBXNativeTarget;
			buildConfigurationList = 09AEDB6A267F2F73003CA186 /* Build configuration list for PBXNativeTarget "PayNoteUITests" */;
			buildPhases = (
				480CB4ECB463BCC1A157E2E0 /* [CP] Check Pods Manifest.lock */,
				09AEDB57267F2F73003CA186 /* Sources */,
				09AEDB58267F2F73003CA186 /* Frameworks */,
				09AEDB59267F2F73003CA186 /* Resources */,
				96C5441FE67B1E86EA8BED64 /* [CP] Embed Pods Frameworks */,
			);
			buildRules = (
			);
			dependencies = (
				09AEDB5D267F2F73003CA186 /* PBXTargetDependency */,
			);
			name = PayNoteUITests;
			productName = PayNoteUITests;
			productReference = 09AEDB5B267F2F73003CA186 /* PayNoteUITests.xctest */;
			productType = "com.apple.product-type.bundle.ui-testing";
		};
/* End PBXNativeTarget section */

/* Begin PBXProject section */
		09AEDB32267F2F70003CA186 /* Project object */ = {
			isa = PBXProject;
			attributes = {
				LastSwiftUpdateCheck = 1250;
				LastUpgradeCheck = 1250;
				TargetAttributes = {
					09AEDB39267F2F70003CA186 = {
						CreatedOnToolsVersion = 12.5;
					};
					09AEDB4F267F2F73003CA186 = {
						CreatedOnToolsVersion = 12.5;
						TestTargetID = 09AEDB39267F2F70003CA186;
					};
					09AEDB5A267F2F73003CA186 = {
						CreatedOnToolsVersion = 12.5;
						TestTargetID = 09AEDB39267F2F70003CA186;
					};
				};
			};
			buildConfigurationList = 09AEDB35267F2F70003CA186 /* Build configuration list for PBXProject "PayNote" */;
			compatibilityVersion = "Xcode 9.3";
			developmentRegion = en;
			hasScannedForEncodings = 0;
			knownRegions = (
				en,
				Base,
				ja,
			);
			mainGroup = 09AEDB31267F2F70003CA186;
			productRefGroup = 09AEDB3B267F2F70003CA186 /* Products */;
			projectDirPath = "";
			projectRoot = "";
			targets = (
				09AEDB39267F2F70003CA186 /* PayNote */,
				09AEDB4F267F2F73003CA186 /* PayNoteTests */,
				09AEDB5A267F2F73003CA186 /* PayNoteUITests */,
			);
		};
/* End PBXProject section */

/* Begin PBXResourcesBuildPhase section */
		09AEDB38267F2F70003CA186 /* Resources */ = {
			isa = PBXResourcesBuildPhase;
			buildActionMask = 2147483647;
			files = (
				09B5421926947CCB003C37AB /* MainTabBar.xib in Resources */,
				091FB52826A3EA2E00AD4812 /* AddNewCashTransaction.storyboard in Resources */,
				09B541CB268713E4003C37AB /* Home.storyboard in Resources */,
				09B541E626878E5A003C37AB /* Localizable.strings in Resources */,
				095867AA271C169500D7517A /* MonthlyContentHeaderCollectionReusableView.xib in Resources */,
				09AEDB4A267F2F73003CA186 /* LaunchScreen.storyboard in Resources */,
				09AEDB47267F2F73003CA186 /* Assets.xcassets in Resources */,
				091FB51426A321F800AD4812 /* History.storyboard in Resources */,
				091FB51726A3274600AD4812 /* Account.storyboard in Resources */,
				091FB52326A3297900AD4812 /* Setting.storyboard in Resources */,
				09596986272D81CC0094017E /* MonthlyTabCollectionViewCell.xib in Resources */,
			);
			runOnlyForDeploymentPostprocessing = 0;
		};
		09AEDB4E267F2F73003CA186 /* Resources */ = {
			isa = PBXResourcesBuildPhase;
			buildActionMask = 2147483647;
			files = (
			);
			runOnlyForDeploymentPostprocessing = 0;
		};
		09AEDB59267F2F73003CA186 /* Resources */ = {
			isa = PBXResourcesBuildPhase;
			buildActionMask = 2147483647;
			files = (
			);
			runOnlyForDeploymentPostprocessing = 0;
		};
/* End PBXResourcesBuildPhase section */

/* Begin PBXShellScriptBuildPhase section */
		09B541C0268704D6003C37AB /* ShellScript */ = {
			isa = PBXShellScriptBuildPhase;
			buildActionMask = 2147483647;
			files = (
			);
			inputFileListPaths = (
			);
			inputPaths = (
				"$TEMP_DIR/rswift-lastrun",
			);
			outputFileListPaths = (
			);
			outputPaths = (
				$SRCROOT/Generated/R.generated.swift,
			);
			runOnlyForDeploymentPostprocessing = 0;
			shellPath = /bin/sh;
			shellScript = "\"$PODS_ROOT/R.swift/rswift\" generate \"$SRCROOT/Generated/R.generated.swift\"\n";
		};
		09B541C326870A39003C37AB /* ShellScript */ = {
			isa = PBXShellScriptBuildPhase;
			buildActionMask = 2147483647;
			files = (
			);
			inputFileListPaths = (
			);
			inputPaths = (
			);
			outputFileListPaths = (
			);
			outputPaths = (
			);
			runOnlyForDeploymentPostprocessing = 0;
			shellPath = /bin/sh;
			shellScript = "if which \"${PODS_ROOT}/SwiftLint/swiftlint\" >/dev/null; then\n${PODS_ROOT}/SwiftLint/swiftlint\nelse\necho \"warning: SwiftLint not installed, download from https://github.com/realm/SwiftLint\"\nfi\n";
		};
		480CB4ECB463BCC1A157E2E0 /* [CP] Check Pods Manifest.lock */ = {
			isa = PBXShellScriptBuildPhase;
			buildActionMask = 2147483647;
			files = (
			);
			inputFileListPaths = (
			);
			inputPaths = (
				"${PODS_PODFILE_DIR_PATH}/Podfile.lock",
				"${PODS_ROOT}/Manifest.lock",
			);
			name = "[CP] Check Pods Manifest.lock";
			outputFileListPaths = (
			);
			outputPaths = (
				"$(DERIVED_FILE_DIR)/Pods-PayNote-PayNoteUITests-checkManifestLockResult.txt",
			);
			runOnlyForDeploymentPostprocessing = 0;
			shellPath = /bin/sh;
			shellScript = "diff \"${PODS_PODFILE_DIR_PATH}/Podfile.lock\" \"${PODS_ROOT}/Manifest.lock\" > /dev/null\nif [ $? != 0 ] ; then\n    # print error to STDERR\n    echo \"error: The sandbox is not in sync with the Podfile.lock. Run 'pod install' or update your CocoaPods installation.\" >&2\n    exit 1\nfi\n# This output is used by Xcode 'outputs' to avoid re-running this script phase.\necho \"SUCCESS\" > \"${SCRIPT_OUTPUT_FILE_0}\"\n";
			showEnvVarsInLog = 0;
		};
		6FB48441A4BF6BADE6BCB337 /* [CP] Check Pods Manifest.lock */ = {
			isa = PBXShellScriptBuildPhase;
			buildActionMask = 2147483647;
			files = (
			);
			inputFileListPaths = (
			);
			inputPaths = (
				"${PODS_PODFILE_DIR_PATH}/Podfile.lock",
				"${PODS_ROOT}/Manifest.lock",
			);
			name = "[CP] Check Pods Manifest.lock";
			outputFileListPaths = (
			);
			outputPaths = (
				"$(DERIVED_FILE_DIR)/Pods-PayNote-checkManifestLockResult.txt",
			);
			runOnlyForDeploymentPostprocessing = 0;
			shellPath = /bin/sh;
			shellScript = "diff \"${PODS_PODFILE_DIR_PATH}/Podfile.lock\" \"${PODS_ROOT}/Manifest.lock\" > /dev/null\nif [ $? != 0 ] ; then\n    # print error to STDERR\n    echo \"error: The sandbox is not in sync with the Podfile.lock. Run 'pod install' or update your CocoaPods installation.\" >&2\n    exit 1\nfi\n# This output is used by Xcode 'outputs' to avoid re-running this script phase.\necho \"SUCCESS\" > \"${SCRIPT_OUTPUT_FILE_0}\"\n";
			showEnvVarsInLog = 0;
		};
		96C5441FE67B1E86EA8BED64 /* [CP] Embed Pods Frameworks */ = {
			isa = PBXShellScriptBuildPhase;
			buildActionMask = 2147483647;
			files = (
			);
			inputFileListPaths = (
				"${PODS_ROOT}/Target Support Files/Pods-PayNote-PayNoteUITests/Pods-PayNote-PayNoteUITests-frameworks-${CONFIGURATION}-input-files.xcfilelist",
			);
			name = "[CP] Embed Pods Frameworks";
			outputFileListPaths = (
				"${PODS_ROOT}/Target Support Files/Pods-PayNote-PayNoteUITests/Pods-PayNote-PayNoteUITests-frameworks-${CONFIGURATION}-output-files.xcfilelist",
			);
			runOnlyForDeploymentPostprocessing = 0;
			shellPath = /bin/sh;
			shellScript = "\"${PODS_ROOT}/Target Support Files/Pods-PayNote-PayNoteUITests/Pods-PayNote-PayNoteUITests-frameworks.sh\"\n";
			showEnvVarsInLog = 0;
		};
		A1CBD2ED6B34B27167FC60E0 /* [CP] Check Pods Manifest.lock */ = {
			isa = PBXShellScriptBuildPhase;
			buildActionMask = 2147483647;
			files = (
			);
			inputFileListPaths = (
			);
			inputPaths = (
				"${PODS_PODFILE_DIR_PATH}/Podfile.lock",
				"${PODS_ROOT}/Manifest.lock",
			);
			name = "[CP] Check Pods Manifest.lock";
			outputFileListPaths = (
			);
			outputPaths = (
				"$(DERIVED_FILE_DIR)/Pods-PayNoteTests-checkManifestLockResult.txt",
			);
			runOnlyForDeploymentPostprocessing = 0;
			shellPath = /bin/sh;
			shellScript = "diff \"${PODS_PODFILE_DIR_PATH}/Podfile.lock\" \"${PODS_ROOT}/Manifest.lock\" > /dev/null\nif [ $? != 0 ] ; then\n    # print error to STDERR\n    echo \"error: The sandbox is not in sync with the Podfile.lock. Run 'pod install' or update your CocoaPods installation.\" >&2\n    exit 1\nfi\n# This output is used by Xcode 'outputs' to avoid re-running this script phase.\necho \"SUCCESS\" > \"${SCRIPT_OUTPUT_FILE_0}\"\n";
			showEnvVarsInLog = 0;
		};
		EC0BDDC859244A44605FC1A5 /* [CP] Embed Pods Frameworks */ = {
			isa = PBXShellScriptBuildPhase;
			buildActionMask = 2147483647;
			files = (
			);
			inputFileListPaths = (
				"${PODS_ROOT}/Target Support Files/Pods-PayNote/Pods-PayNote-frameworks-${CONFIGURATION}-input-files.xcfilelist",
			);
			name = "[CP] Embed Pods Frameworks";
			outputFileListPaths = (
				"${PODS_ROOT}/Target Support Files/Pods-PayNote/Pods-PayNote-frameworks-${CONFIGURATION}-output-files.xcfilelist",
			);
			runOnlyForDeploymentPostprocessing = 0;
			shellPath = /bin/sh;
			shellScript = "\"${PODS_ROOT}/Target Support Files/Pods-PayNote/Pods-PayNote-frameworks.sh\"\n";
			showEnvVarsInLog = 0;
		};
/* End PBXShellScriptBuildPhase section */

/* Begin PBXSourcesBuildPhase section */
		09AEDB36267F2F70003CA186 /* Sources */ = {
			isa = PBXSourcesBuildPhase;
			buildActionMask = 2147483647;
			files = (
				091FB53126B44B8400AD4812 /* CashTransactionEntity.swift in Sources */,
				09AEDB3E267F2F70003CA186 /* AppDelegate.swift in Sources */,
				09596989272D858F0094017E /* MonthlyTabCollectionViewCell.swift in Sources */,
				095867B5271C5F6300D7517A /* NoteMock.swift in Sources */,
				09B541E126877904003C37AB /* MainTabRouter.swift in Sources */,
				091FB53726B4584F00AD4812 /* MainCategoryEntity.swift in Sources */,
				09B541EB26878FCC003C37AB /* HomePresenter.swift in Sources */,
				09AEDB40267F2F70003CA186 /* SceneDelegate.swift in Sources */,
				093F6408271B06B800204EEB /* MainCategoryCollectionViewCell.swift in Sources */,
				091FB50F26A3214A00AD4812 /* HistoryViewController.swift in Sources */,
				091FB51F26A328F100AD4812 /* SettingViewController.swift in Sources */,
				091FB51126A3218700AD4812 /* HistoryPresenter.swift in Sources */,
				091FB52C26A3EA5B00AD4812 /* AddNewCashTransactionPresenter.swift in Sources */,
				091FB52126A328FF00AD4812 /* SettingPresenter.swift in Sources */,
				091FB51B26A3276600AD4812 /* AccountPresenter.swift in Sources */,
				0959698E272EC7860094017E /* MonthlyTabViewFlowLayout.swift in Sources */,
				091FB52A26A3EA4100AD4812 /* AddNewCashTransactionViewController.swift in Sources */,
				09B5421726927B2A003C37AB /* ColorManager.swift in Sources */,
				0939C766271F082600F5BE36 /* MonthlyNote.swift in Sources */,
				099D07A626BE5CD1005D294D /* BankEntity.swift in Sources */,
				0939C768271F088F00F5BE36 /* YearMonth.swift in Sources */,
				0939C76A271F090400F5BE36 /* MainNote.swift in Sources */,
				09596991272EC8580094017E /* Const.swift in Sources */,
				0959698C272E82150094017E /* Int.swift in Sources */,
				09A9655B270DDB1000D1F67F /* MonthlyTabViewController.swift in Sources */,
				091FB53326B454A800AD4812 /* SubCategoryEntity.swift in Sources */,
				093F6406271AB39400204EEB /* MonthlyContentViewController.swift in Sources */,
				095867B3271C5E7200D7517A /* Cache.swift in Sources */,
				091FB53526B4560A00AD4812 /* InOut.swift in Sources */,
				09B541C226870794003C37AB /* R.generated.swift in Sources */,
				09B541BD2686F736003C37AB /* MainTabBarController.swift in Sources */,
				09B541DF26877652003C37AB /* MainTabPresenter.swift in Sources */,
				09B541BF2686FCD9003C37AB /* Transitioner.swift in Sources */,
				091FB51926A3275600AD4812 /* AccountViewController.swift in Sources */,
				09B542152691F811003C37AB /* MainTabBar.swift in Sources */,
				095867AC271C18BC00D7517A /* MonthlyContentHeaderCollectionReusableViewMonthlyContentHeaderCollectionReusableView.swift in Sources */,
				09B541C926871384003C37AB /* HomeViewController.swift in Sources */,
				0939C770271F183100F5BE36 /* Date+Calendar.swift in Sources */,
				0939C76C271F0B8400F5BE36 /* SubNote.swift in Sources */,
				091FB4F126A2967600AD4812 /* MainTabBarItem.swift in Sources */,
			);
			runOnlyForDeploymentPostprocessing = 0;
		};
		09AEDB4C267F2F73003CA186 /* Sources */ = {
			isa = PBXSourcesBuildPhase;
			buildActionMask = 2147483647;
			files = (
				09AEDB55267F2F73003CA186 /* PayNoteTests.swift in Sources */,
			);
			runOnlyForDeploymentPostprocessing = 0;
		};
		09AEDB57267F2F73003CA186 /* Sources */ = {
			isa = PBXSourcesBuildPhase;
			buildActionMask = 2147483647;
			files = (
				09AEDB60267F2F73003CA186 /* PayNoteUITests.swift in Sources */,
			);
			runOnlyForDeploymentPostprocessing = 0;
		};
/* End PBXSourcesBuildPhase section */

/* Begin PBXTargetDependency section */
		09AEDB52267F2F73003CA186 /* PBXTargetDependency */ = {
			isa = PBXTargetDependency;
			target = 09AEDB39267F2F70003CA186 /* PayNote */;
			targetProxy = 09AEDB51267F2F73003CA186 /* PBXContainerItemProxy */;
		};
		09AEDB5D267F2F73003CA186 /* PBXTargetDependency */ = {
			isa = PBXTargetDependency;
			target = 09AEDB39267F2F70003CA186 /* PayNote */;
			targetProxy = 09AEDB5C267F2F73003CA186 /* PBXContainerItemProxy */;
		};
/* End PBXTargetDependency section */

/* Begin PBXVariantGroup section */
		09AEDB48267F2F73003CA186 /* LaunchScreen.storyboard */ = {
			isa = PBXVariantGroup;
			children = (
				09AEDB49267F2F73003CA186 /* Base */,
			);
			name = LaunchScreen.storyboard;
			sourceTree = "<group>";
		};
		09B541E826878E5A003C37AB /* Localizable.strings */ = {
			isa = PBXVariantGroup;
			children = (
				09B541E726878E5A003C37AB /* ja */,
				09B541E926878E6D003C37AB /* en */,
			);
			name = Localizable.strings;
			sourceTree = "<group>";
		};
/* End PBXVariantGroup section */

/* Begin XCBuildConfiguration section */
		09AEDB62267F2F73003CA186 /* Debug */ = {
			isa = XCBuildConfiguration;
			buildSettings = {
				ALWAYS_SEARCH_USER_PATHS = NO;
				CLANG_ANALYZER_LOCALIZABILITY_NONLOCALIZED = YES;
				CLANG_ANALYZER_NONNULL = YES;
				CLANG_ANALYZER_NUMBER_OBJECT_CONVERSION = YES_AGGRESSIVE;
				CLANG_CXX_LANGUAGE_STANDARD = "gnu++14";
				CLANG_CXX_LIBRARY = "libc++";
				CLANG_ENABLE_MODULES = YES;
				CLANG_ENABLE_OBJC_ARC = YES;
				CLANG_ENABLE_OBJC_WEAK = YES;
				CLANG_WARN_BLOCK_CAPTURE_AUTORELEASING = YES;
				CLANG_WARN_BOOL_CONVERSION = YES;
				CLANG_WARN_COMMA = YES;
				CLANG_WARN_CONSTANT_CONVERSION = YES;
				CLANG_WARN_DEPRECATED_OBJC_IMPLEMENTATIONS = YES;
				CLANG_WARN_DIRECT_OBJC_ISA_USAGE = YES_ERROR;
				CLANG_WARN_DOCUMENTATION_COMMENTS = YES;
				CLANG_WARN_EMPTY_BODY = YES;
				CLANG_WARN_ENUM_CONVERSION = YES;
				CLANG_WARN_INFINITE_RECURSION = YES;
				CLANG_WARN_INT_CONVERSION = YES;
				CLANG_WARN_NON_LITERAL_NULL_CONVERSION = YES;
				CLANG_WARN_OBJC_IMPLICIT_RETAIN_SELF = YES;
				CLANG_WARN_OBJC_LITERAL_CONVERSION = YES;
				CLANG_WARN_OBJC_ROOT_CLASS = YES_ERROR;
				CLANG_WARN_QUOTED_INCLUDE_IN_FRAMEWORK_HEADER = YES;
				CLANG_WARN_RANGE_LOOP_ANALYSIS = YES;
				CLANG_WARN_STRICT_PROTOTYPES = YES;
				CLANG_WARN_SUSPICIOUS_MOVE = YES;
				CLANG_WARN_UNGUARDED_AVAILABILITY = YES_AGGRESSIVE;
				CLANG_WARN_UNREACHABLE_CODE = YES;
				CLANG_WARN__DUPLICATE_METHOD_MATCH = YES;
				COPY_PHASE_STRIP = NO;
				DEBUG_INFORMATION_FORMAT = dwarf;
				ENABLE_STRICT_OBJC_MSGSEND = YES;
				ENABLE_TESTABILITY = YES;
				GCC_C_LANGUAGE_STANDARD = gnu11;
				GCC_DYNAMIC_NO_PIC = NO;
				GCC_NO_COMMON_BLOCKS = YES;
				GCC_OPTIMIZATION_LEVEL = 0;
				GCC_PREPROCESSOR_DEFINITIONS = (
					"DEBUG=1",
					"$(inherited)",
				);
				GCC_WARN_64_TO_32_BIT_CONVERSION = YES;
				GCC_WARN_ABOUT_RETURN_TYPE = YES_ERROR;
				GCC_WARN_UNDECLARED_SELECTOR = YES;
				GCC_WARN_UNINITIALIZED_AUTOS = YES_AGGRESSIVE;
				GCC_WARN_UNUSED_FUNCTION = YES;
				GCC_WARN_UNUSED_VARIABLE = YES;
				IPHONEOS_DEPLOYMENT_TARGET = 14.5;
				MTL_ENABLE_DEBUG_INFO = INCLUDE_SOURCE;
				MTL_FAST_MATH = YES;
				ONLY_ACTIVE_ARCH = YES;
				SDKROOT = iphoneos;
				SWIFT_ACTIVE_COMPILATION_CONDITIONS = DEBUG;
				SWIFT_OPTIMIZATION_LEVEL = "-Onone";
				SWIFT_VERSION = 5.0;
			};
			name = Debug;
		};
		09AEDB63267F2F73003CA186 /* Release */ = {
			isa = XCBuildConfiguration;
			buildSettings = {
				ALWAYS_SEARCH_USER_PATHS = NO;
				CLANG_ANALYZER_LOCALIZABILITY_NONLOCALIZED = YES;
				CLANG_ANALYZER_NONNULL = YES;
				CLANG_ANALYZER_NUMBER_OBJECT_CONVERSION = YES_AGGRESSIVE;
				CLANG_CXX_LANGUAGE_STANDARD = "gnu++14";
				CLANG_CXX_LIBRARY = "libc++";
				CLANG_ENABLE_MODULES = YES;
				CLANG_ENABLE_OBJC_ARC = YES;
				CLANG_ENABLE_OBJC_WEAK = YES;
				CLANG_WARN_BLOCK_CAPTURE_AUTORELEASING = YES;
				CLANG_WARN_BOOL_CONVERSION = YES;
				CLANG_WARN_COMMA = YES;
				CLANG_WARN_CONSTANT_CONVERSION = YES;
				CLANG_WARN_DEPRECATED_OBJC_IMPLEMENTATIONS = YES;
				CLANG_WARN_DIRECT_OBJC_ISA_USAGE = YES_ERROR;
				CLANG_WARN_DOCUMENTATION_COMMENTS = YES;
				CLANG_WARN_EMPTY_BODY = YES;
				CLANG_WARN_ENUM_CONVERSION = YES;
				CLANG_WARN_INFINITE_RECURSION = YES;
				CLANG_WARN_INT_CONVERSION = YES;
				CLANG_WARN_NON_LITERAL_NULL_CONVERSION = YES;
				CLANG_WARN_OBJC_IMPLICIT_RETAIN_SELF = YES;
				CLANG_WARN_OBJC_LITERAL_CONVERSION = YES;
				CLANG_WARN_OBJC_ROOT_CLASS = YES_ERROR;
				CLANG_WARN_QUOTED_INCLUDE_IN_FRAMEWORK_HEADER = YES;
				CLANG_WARN_RANGE_LOOP_ANALYSIS = YES;
				CLANG_WARN_STRICT_PROTOTYPES = YES;
				CLANG_WARN_SUSPICIOUS_MOVE = YES;
				CLANG_WARN_UNGUARDED_AVAILABILITY = YES_AGGRESSIVE;
				CLANG_WARN_UNREACHABLE_CODE = YES;
				CLANG_WARN__DUPLICATE_METHOD_MATCH = YES;
				COPY_PHASE_STRIP = NO;
				DEBUG_INFORMATION_FORMAT = "dwarf-with-dsym";
				ENABLE_NS_ASSERTIONS = NO;
				ENABLE_STRICT_OBJC_MSGSEND = YES;
				GCC_C_LANGUAGE_STANDARD = gnu11;
				GCC_NO_COMMON_BLOCKS = YES;
				GCC_WARN_64_TO_32_BIT_CONVERSION = YES;
				GCC_WARN_ABOUT_RETURN_TYPE = YES_ERROR;
				GCC_WARN_UNDECLARED_SELECTOR = YES;
				GCC_WARN_UNINITIALIZED_AUTOS = YES_AGGRESSIVE;
				GCC_WARN_UNUSED_FUNCTION = YES;
				GCC_WARN_UNUSED_VARIABLE = YES;
				IPHONEOS_DEPLOYMENT_TARGET = 14.5;
				MTL_ENABLE_DEBUG_INFO = NO;
				MTL_FAST_MATH = YES;
				SDKROOT = iphoneos;
				SWIFT_COMPILATION_MODE = wholemodule;
				SWIFT_OPTIMIZATION_LEVEL = "-O";
				SWIFT_VERSION = 5.0;
				VALIDATE_PRODUCT = YES;
			};
			name = Release;
		};
		09AEDB65267F2F73003CA186 /* Debug */ = {
			isa = XCBuildConfiguration;
			baseConfigurationReference = 0E780096C1CB107D56D32BD0 /* Pods-PayNote.debug.xcconfig */;
			buildSettings = {
				ASSETCATALOG_COMPILER_APPICON_NAME = AppIcon;
				ASSETCATALOG_COMPILER_GLOBAL_ACCENT_COLOR_NAME = AccentColor;
				CODE_SIGN_STYLE = Automatic;
				DEVELOPMENT_TEAM = 58F4SK879Y;
				INFOPLIST_FILE = PayNote/Resources/Info.plist;
				LD_RUNPATH_SEARCH_PATHS = (
					"$(inherited)",
					"@executable_path/Frameworks",
				);
				PRODUCT_BUNDLE_IDENTIFIER = terry.PayNote;
				PRODUCT_NAME = "$(TARGET_NAME)";
				SWIFT_VERSION = 5.0;
				TARGETED_DEVICE_FAMILY = "1,2";
			};
			name = Debug;
		};
		09AEDB66267F2F73003CA186 /* Release */ = {
			isa = XCBuildConfiguration;
			baseConfigurationReference = 18F38CC7829F7779F8FE7D3D /* Pods-PayNote.release.xcconfig */;
			buildSettings = {
				ASSETCATALOG_COMPILER_APPICON_NAME = AppIcon;
				ASSETCATALOG_COMPILER_GLOBAL_ACCENT_COLOR_NAME = AccentColor;
				CODE_SIGN_STYLE = Automatic;
				DEVELOPMENT_TEAM = 58F4SK879Y;
				INFOPLIST_FILE = PayNote/Resources/Info.plist;
				LD_RUNPATH_SEARCH_PATHS = (
					"$(inherited)",
					"@executable_path/Frameworks",
				);
				PRODUCT_BUNDLE_IDENTIFIER = terry.PayNote;
				PRODUCT_NAME = "$(TARGET_NAME)";
				SWIFT_VERSION = 5.0;
				TARGETED_DEVICE_FAMILY = "1,2";
			};
			name = Release;
		};
		09AEDB68267F2F73003CA186 /* Debug */ = {
			isa = XCBuildConfiguration;
			baseConfigurationReference = F508C75A486D42972E7480F4 /* Pods-PayNoteTests.debug.xcconfig */;
			buildSettings = {
				ALWAYS_EMBED_SWIFT_STANDARD_LIBRARIES = YES;
				BUNDLE_LOADER = "$(TEST_HOST)";
				CODE_SIGN_STYLE = Automatic;
				DEVELOPMENT_TEAM = 58F4SK879Y;
				INFOPLIST_FILE = PayNoteTests/Info.plist;
				IPHONEOS_DEPLOYMENT_TARGET = 14.5;
				LD_RUNPATH_SEARCH_PATHS = (
					"$(inherited)",
					"@executable_path/Frameworks",
					"@loader_path/Frameworks",
				);
				PRODUCT_BUNDLE_IDENTIFIER = terry.PayNoteTests;
				PRODUCT_NAME = "$(TARGET_NAME)";
				SWIFT_VERSION = 5.0;
				TARGETED_DEVICE_FAMILY = "1,2";
				TEST_HOST = "$(BUILT_PRODUCTS_DIR)/PayNote.app/PayNote";
			};
			name = Debug;
		};
		09AEDB69267F2F73003CA186 /* Release */ = {
			isa = XCBuildConfiguration;
			baseConfigurationReference = ED9B80B3AAD9CE5D05558A00 /* Pods-PayNoteTests.release.xcconfig */;
			buildSettings = {
				ALWAYS_EMBED_SWIFT_STANDARD_LIBRARIES = YES;
				BUNDLE_LOADER = "$(TEST_HOST)";
				CODE_SIGN_STYLE = Automatic;
				DEVELOPMENT_TEAM = 58F4SK879Y;
				INFOPLIST_FILE = PayNoteTests/Info.plist;
				IPHONEOS_DEPLOYMENT_TARGET = 14.5;
				LD_RUNPATH_SEARCH_PATHS = (
					"$(inherited)",
					"@executable_path/Frameworks",
					"@loader_path/Frameworks",
				);
				PRODUCT_BUNDLE_IDENTIFIER = terry.PayNoteTests;
				PRODUCT_NAME = "$(TARGET_NAME)";
				SWIFT_VERSION = 5.0;
				TARGETED_DEVICE_FAMILY = "1,2";
				TEST_HOST = "$(BUILT_PRODUCTS_DIR)/PayNote.app/PayNote";
			};
			name = Release;
		};
		09AEDB6B267F2F73003CA186 /* Debug */ = {
			isa = XCBuildConfiguration;
			baseConfigurationReference = DD3DC2792BB788BB0E2E8528 /* Pods-PayNote-PayNoteUITests.debug.xcconfig */;
			buildSettings = {
				ALWAYS_EMBED_SWIFT_STANDARD_LIBRARIES = YES;
				CODE_SIGN_STYLE = Automatic;
				DEVELOPMENT_TEAM = 58F4SK879Y;
				INFOPLIST_FILE = PayNoteUITests/Info.plist;
				LD_RUNPATH_SEARCH_PATHS = (
					"$(inherited)",
					"@executable_path/Frameworks",
					"@loader_path/Frameworks",
				);
				PRODUCT_BUNDLE_IDENTIFIER = terry.PayNoteUITests;
				PRODUCT_NAME = "$(TARGET_NAME)";
				SWIFT_VERSION = 5.0;
				TARGETED_DEVICE_FAMILY = "1,2";
				TEST_TARGET_NAME = PayNote;
			};
			name = Debug;
		};
		09AEDB6C267F2F73003CA186 /* Release */ = {
			isa = XCBuildConfiguration;
			baseConfigurationReference = 44E40E4D7B15A9F3CDE0E594 /* Pods-PayNote-PayNoteUITests.release.xcconfig */;
			buildSettings = {
				ALWAYS_EMBED_SWIFT_STANDARD_LIBRARIES = YES;
				CODE_SIGN_STYLE = Automatic;
				DEVELOPMENT_TEAM = 58F4SK879Y;
				INFOPLIST_FILE = PayNoteUITests/Info.plist;
				LD_RUNPATH_SEARCH_PATHS = (
					"$(inherited)",
					"@executable_path/Frameworks",
					"@loader_path/Frameworks",
				);
				PRODUCT_BUNDLE_IDENTIFIER = terry.PayNoteUITests;
				PRODUCT_NAME = "$(TARGET_NAME)";
				SWIFT_VERSION = 5.0;
				TARGETED_DEVICE_FAMILY = "1,2";
				TEST_TARGET_NAME = PayNote;
			};
			name = Release;
		};
/* End XCBuildConfiguration section */

/* Begin XCConfigurationList section */
		09AEDB35267F2F70003CA186 /* Build configuration list for PBXProject "PayNote" */ = {
			isa = XCConfigurationList;
			buildConfigurations = (
				09AEDB62267F2F73003CA186 /* Debug */,
				09AEDB63267F2F73003CA186 /* Release */,
			);
			defaultConfigurationIsVisible = 0;
			defaultConfigurationName = Release;
		};
		09AEDB64267F2F73003CA186 /* Build configuration list for PBXNativeTarget "PayNote" */ = {
			isa = XCConfigurationList;
			buildConfigurations = (
				09AEDB65267F2F73003CA186 /* Debug */,
				09AEDB66267F2F73003CA186 /* Release */,
			);
			defaultConfigurationIsVisible = 0;
			defaultConfigurationName = Release;
		};
		09AEDB67267F2F73003CA186 /* Build configuration list for PBXNativeTarget "PayNoteTests" */ = {
			isa = XCConfigurationList;
			buildConfigurations = (
				09AEDB68267F2F73003CA186 /* Debug */,
				09AEDB69267F2F73003CA186 /* Release */,
			);
			defaultConfigurationIsVisible = 0;
			defaultConfigurationName = Release;
		};
		09AEDB6A267F2F73003CA186 /* Build configuration list for PBXNativeTarget "PayNoteUITests" */ = {
			isa = XCConfigurationList;
			buildConfigurations = (
				09AEDB6B267F2F73003CA186 /* Debug */,
				09AEDB6C267F2F73003CA186 /* Release */,
			);
			defaultConfigurationIsVisible = 0;
			defaultConfigurationName = Release;
		};
/* End XCConfigurationList section */
	};
	rootObject = 09AEDB32267F2F70003CA186 /* Project object */;
}
